
Microsoft Visual Studio Solution File, Format Version 12.00
# Visual Studio Version 17
VisualStudioVersion = 17.13.35818.85 d17.13
MinimumVisualStudioVersion = 10.0.40219.1
Project("{FAE04EC0-301F-11D3-BF4B-00C04F79EFBC}") = "tpmodul03", "tpmodul03.csproj", "{DEFEB7DB-DA00-4B4D-9870-E9362BC5A167}"
EndProject
Global
	GlobalSection(SolutionConfigurationPlatforms) = preSolution
		Debug|Any CPU = Debug|Any CPU
		Release|Any CPU = Release|Any CPU
	EndGlobalSection
	GlobalSection(ProjectConfigurationPlatforms) = postSolution
		{DEFEB7DB-DA00-4B4D-9870-E9362BC5A167}.Debug|Any CPU.ActiveCfg = Debug|Any CPU
		{DEFEB7DB-DA00-4B4D-9870-E9362BC5A167}.Debug|Any CPU.Build.0 = Debug|Any CPU
		{DEFEB7DB-DA00-4B4D-9870-E9362BC5A167}.Release|Any CPU.ActiveCfg = Release|Any CPU
		{DEFEB7DB-DA00-4B4D-9870-E9362BC5A167}.Release|Any CPU.Build.0 = Release|Any CPU
	EndGlobalSection
	GlobalSection(SolutionProperties) = preSolution
		HideSolutionNode = FALSE
	EndGlobalSection
	GlobalSection(ExtensibilityGlobals) = postSolution
		SolutionGuid = {1BCE2AC7-7218-4DCE-809E-5E7A06DA9DB8}
	EndGlobalSection
EndGlobal
